// !$*UTF8*$!
{
	archiveVersion = 1;
	classes = {
	};
	objectVersion = 55;
	objects = {

/* Begin PBXBuildFile section */
		63A006F74FC8E0A7624AC091 /* Pods_App.framework in Frameworks */ = {isa = PBXBuildFile; fileRef = 758CC8770192C1B00E936E70 /* Pods_App.framework */; };
		A0B11D412870007A00E17786 /* AppApp.swift in Sources */ = {isa = PBXBuildFile; fileRef = A0B11D402870007A00E17786 /* AppApp.swift */; };
		A0B11D432870007A00E17786 /* ContentView.swift in Sources */ = {isa = PBXBuildFile; fileRef = A0B11D422870007A00E17786 /* ContentView.swift */; };
		A0B11D452870007D00E17786 /* Assets.xcassets in Resources */ = {isa = PBXBuildFile; fileRef = A0B11D442870007D00E17786 /* Assets.xcassets */; };
		A0B11D482870007D00E17786 /* Preview Assets.xcassets in Resources */ = {isa = PBXBuildFile; fileRef = A0B11D472870007D00E17786 /* Preview Assets.xcassets */; };
		A0B11D65287001C300E17786 /* Common.framework in Frameworks */ = {isa = PBXBuildFile; fileRef = A0B11D64287001C300E17786 /* Common.framework */; };
		A0B11D66287001C300E17786 /* Common.framework in Embed Frameworks */ = {isa = PBXBuildFile; fileRef = A0B11D64287001C300E17786 /* Common.framework */; settings = {ATTRIBUTES = (CodeSignOnCopy, RemoveHeadersOnCopy, ); }; };
		A0B11D91287002C800E17786 /* Cart.framework in Frameworks */ = {isa = PBXBuildFile; fileRef = A0B11D90287002C800E17786 /* Cart.framework */; };
		A0B11D92287002C800E17786 /* Cart.framework in Embed Frameworks */ = {isa = PBXBuildFile; fileRef = A0B11D90287002C800E17786 /* Cart.framework */; settings = {ATTRIBUTES = (CodeSignOnCopy, RemoveHeadersOnCopy, ); }; };
		A0B11D94287002CD00E17786 /* Product.framework in Frameworks */ = {isa = PBXBuildFile; fileRef = A0B11D93287002CD00E17786 /* Product.framework */; };
		A0B11D95287002CD00E17786 /* Product.framework in Embed Frameworks */ = {isa = PBXBuildFile; fileRef = A0B11D93287002CD00E17786 /* Product.framework */; settings = {ATTRIBUTES = (CodeSignOnCopy, RemoveHeadersOnCopy, ); }; };
		A0B11DA428702DB000E17786 /* Quicksand-Bold.ttf in Resources */ = {isa = PBXBuildFile; fileRef = A0B11DA328702DA500E17786 /* Quicksand-Bold.ttf */; };
		A0B11DA528702DB300E17786 /* Quicksand-Light.ttf in Resources */ = {isa = PBXBuildFile; fileRef = A0B11DA028702DA500E17786 /* Quicksand-Light.ttf */; };
		A0B11DA628702DB600E17786 /* Quicksand-Medium.ttf in Resources */ = {isa = PBXBuildFile; fileRef = A0B11DA128702DA500E17786 /* Quicksand-Medium.ttf */; };
		A0B11DA728702DB900E17786 /* Quicksand-Regular.ttf in Resources */ = {isa = PBXBuildFile; fileRef = A0B11D9F28702DA500E17786 /* Quicksand-Regular.ttf */; };
		A0B11DA828702DBC00E17786 /* Quicksand-SemiBold.ttf in Resources */ = {isa = PBXBuildFile; fileRef = A0B11DA228702DA500E17786 /* Quicksand-SemiBold.ttf */; };
/* End PBXBuildFile section */

/* Begin PBXCopyFilesBuildPhase section */
		A0B11D67287001C300E17786 /* Embed Frameworks */ = {
			isa = PBXCopyFilesBuildPhase;
			buildActionMask = 2147483647;
			dstPath = "";
			dstSubfolderSpec = 10;
			files = (
				A0B11D92287002C800E17786 /* Cart.framework in Embed Frameworks */,
				A0B11D95287002CD00E17786 /* Product.framework in Embed Frameworks */,
				A0B11D66287001C300E17786 /* Common.framework in Embed Frameworks */,
			);
			name = "Embed Frameworks";
			runOnlyForDeploymentPostprocessing = 0;
		};
/* End PBXCopyFilesBuildPhase section */

/* Begin PBXFileReference section */
		758CC8770192C1B00E936E70 /* Pods_App.framework */ = {isa = PBXFileReference; explicitFileType = wrapper.framework; includeInIndex = 0; path = Pods_App.framework; sourceTree = BUILT_PRODUCTS_DIR; };
		7D2176896604335EB3F0CFFF /* Pods-App.release.xcconfig */ = {isa = PBXFileReference; includeInIndex = 1; lastKnownFileType = text.xcconfig; name = "Pods-App.release.xcconfig"; path = "Target Support Files/Pods-App/Pods-App.release.xcconfig"; sourceTree = "<group>"; };
		A0B11D3D2870007A00E17786 /* App.app */ = {isa = PBXFileReference; explicitFileType = wrapper.application; includeInIndex = 0; path = App.app; sourceTree = BUILT_PRODUCTS_DIR; };
		A0B11D402870007A00E17786 /* AppApp.swift */ = {isa = PBXFileReference; lastKnownFileType = sourcecode.swift; path = AppApp.swift; sourceTree = "<group>"; };
		A0B11D422870007A00E17786 /* ContentView.swift */ = {isa = PBXFileReference; lastKnownFileType = sourcecode.swift; path = ContentView.swift; sourceTree = "<group>"; };
		A0B11D442870007D00E17786 /* Assets.xcassets */ = {isa = PBXFileReference; lastKnownFileType = folder.assetcatalog; path = Assets.xcassets; sourceTree = "<group>"; };
		A0B11D472870007D00E17786 /* Preview Assets.xcassets */ = {isa = PBXFileReference; lastKnownFileType = folder.assetcatalog; path = "Preview Assets.xcassets"; sourceTree = "<group>"; };
		A0B11D64287001C300E17786 /* Common.framework */ = {isa = PBXFileReference; explicitFileType = wrapper.framework; path = Common.framework; sourceTree = BUILT_PRODUCTS_DIR; };
		A0B11D90287002C800E17786 /* Cart.framework */ = {isa = PBXFileReference; explicitFileType = wrapper.framework; path = Cart.framework; sourceTree = BUILT_PRODUCTS_DIR; };
		A0B11D93287002CD00E17786 /* Product.framework */ = {isa = PBXFileReference; explicitFileType = wrapper.framework; path = Product.framework; sourceTree = BUILT_PRODUCTS_DIR; };
		A0B11D9F28702DA500E17786 /* Quicksand-Regular.ttf */ = {isa = PBXFileReference; lastKnownFileType = file; path = "Quicksand-Regular.ttf"; sourceTree = "<group>"; };
		A0B11DA028702DA500E17786 /* Quicksand-Light.ttf */ = {isa = PBXFileReference; lastKnownFileType = file; path = "Quicksand-Light.ttf"; sourceTree = "<group>"; };
		A0B11DA128702DA500E17786 /* Quicksand-Medium.ttf */ = {isa = PBXFileReference; lastKnownFileType = file; path = "Quicksand-Medium.ttf"; sourceTree = "<group>"; };
		A0B11DA228702DA500E17786 /* Quicksand-SemiBold.ttf */ = {isa = PBXFileReference; lastKnownFileType = file; path = "Quicksand-SemiBold.ttf"; sourceTree = "<group>"; };
		A0B11DA328702DA500E17786 /* Quicksand-Bold.ttf */ = {isa = PBXFileReference; lastKnownFileType = file; path = "Quicksand-Bold.ttf"; sourceTree = "<group>"; };
		A0B11DAB28702E7B00E17786 /* Info.plist */ = {isa = PBXFileReference; lastKnownFileType = text.plist; path = Info.plist; sourceTree = "<group>"; };
		BBA5DF9603C69C95E55CCB5F /* Pods-App.debug.xcconfig */ = {isa = PBXFileReference; includeInIndex = 1; lastKnownFileType = text.xcconfig; name = "Pods-App.debug.xcconfig"; path = "Target Support Files/Pods-App/Pods-App.debug.xcconfig"; sourceTree = "<group>"; };
/* End PBXFileReference section */

/* Begin PBXFrameworksBuildPhase section */
		A0B11D3A2870007A00E17786 /* Frameworks */ = {
			isa = PBXFrameworksBuildPhase;
			buildActionMask = 2147483647;
			files = (
				63A006F74FC8E0A7624AC091 /* Pods_App.framework in Frameworks */,
				A0B11D65287001C300E17786 /* Common.framework in Frameworks */,
				A0B11D94287002CD00E17786 /* Product.framework in Frameworks */,
				A0B11D91287002C800E17786 /* Cart.framework in Frameworks */,
			);
			runOnlyForDeploymentPostprocessing = 0;
		};
/* End PBXFrameworksBuildPhase section */

/* Begin PBXGroup section */
		A0B11D342870007A00E17786 = {
			isa = PBXGroup;
			children = (
				A0B11D9E28702D9100E17786 /* Fonts */,
				A0B11D3F2870007A00E17786 /* App */,
				A0B11D3E2870007A00E17786 /* Products */,
				B18ADF4F865D5A5894E18A16 /* Pods */,
				E927F550875E8B8F74EF76F7 /* Frameworks */,
			);
			sourceTree = "<group>";
		};
		A0B11D3E2870007A00E17786 /* Products */ = {
			isa = PBXGroup;
			children = (
				A0B11D3D2870007A00E17786 /* App.app */,
			);
			name = Products;
			sourceTree = "<group>";
		};
		A0B11D3F2870007A00E17786 /* App */ = {
			isa = PBXGroup;
			children = (
				A0B11DAB28702E7B00E17786 /* Info.plist */,
				A0B11D402870007A00E17786 /* AppApp.swift */,
				A0B11D422870007A00E17786 /* ContentView.swift */,
				A0B11D442870007D00E17786 /* Assets.xcassets */,
				A0B11D462870007D00E17786 /* Preview Content */,
			);
			path = App;
			sourceTree = "<group>";
		};
		A0B11D462870007D00E17786 /* Preview Content */ = {
			isa = PBXGroup;
			children = (
				A0B11D472870007D00E17786 /* Preview Assets.xcassets */,
			);
			path = "Preview Content";
			sourceTree = "<group>";
		};
		A0B11D9E28702D9100E17786 /* Fonts */ = {
			isa = PBXGroup;
			children = (
				A0B11DA328702DA500E17786 /* Quicksand-Bold.ttf */,
				A0B11DA028702DA500E17786 /* Quicksand-Light.ttf */,
				A0B11DA128702DA500E17786 /* Quicksand-Medium.ttf */,
				A0B11D9F28702DA500E17786 /* Quicksand-Regular.ttf */,
				A0B11DA228702DA500E17786 /* Quicksand-SemiBold.ttf */,
			);
			path = Fonts;
			sourceTree = "<group>";
		};
		B18ADF4F865D5A5894E18A16 /* Pods */ = {
			isa = PBXGroup;
			children = (
				BBA5DF9603C69C95E55CCB5F /* Pods-App.debug.xcconfig */,
				7D2176896604335EB3F0CFFF /* Pods-App.release.xcconfig */,
			);
			path = Pods;
			sourceTree = "<group>";
		};
		E927F550875E8B8F74EF76F7 /* Frameworks */ = {
			isa = PBXGroup;
			children = (
				A0B11D93287002CD00E17786 /* Product.framework */,
				A0B11D90287002C800E17786 /* Cart.framework */,
				A0B11D64287001C300E17786 /* Common.framework */,
				758CC8770192C1B00E936E70 /* Pods_App.framework */,
			);
			name = Frameworks;
			sourceTree = "<group>";
		};
/* End PBXGroup section */

/* Begin PBXNativeTarget section */
		A0B11D3C2870007A00E17786 /* App */ = {
			isa = PBXNativeTarget;
			buildConfigurationList = A0B11D4B2870007D00E17786 /* Build configuration list for PBXNativeTarget "App" */;
			buildPhases = (
				B3A6D9B005F239A0D7608B4D /* [CP] Check Pods Manifest.lock */,
				A0B11D392870007A00E17786 /* Sources */,
				A0B11D3A2870007A00E17786 /* Frameworks */,
				A0B11D3B2870007A00E17786 /* Resources */,
				A0B11D67287001C300E17786 /* Embed Frameworks */,
			);
			buildRules = (
			);
			dependencies = (
			);
			name = App;
			productName = App;
			productReference = A0B11D3D2870007A00E17786 /* App.app */;
			productType = "com.apple.product-type.application";
		};
/* End PBXNativeTarget section */

/* Begin PBXProject section */
		A0B11D352870007A00E17786 /* Project object */ = {
			isa = PBXProject;
			attributes = {
				BuildIndependentTargetsInParallel = 1;
				LastSwiftUpdateCheck = 1340;
				LastUpgradeCheck = 1340;
				TargetAttributes = {
					A0B11D3C2870007A00E17786 = {
						CreatedOnToolsVersion = 13.4.1;
					};
				};
			};
			buildConfigurationList = A0B11D382870007A00E17786 /* Build configuration list for PBXProject "App" */;
			compatibilityVersion = "Xcode 13.0";
			developmentRegion = en;
			hasScannedForEncodings = 0;
			knownRegions = (
				en,
				Base,
			);
			mainGroup = A0B11D342870007A00E17786;
			productRefGroup = A0B11D3E2870007A00E17786 /* Products */;
			projectDirPath = "";
			projectRoot = "";
			targets = (
				A0B11D3C2870007A00E17786 /* App */,
			);
		};
/* End PBXProject section */

/* Begin PBXResourcesBuildPhase section */
		A0B11D3B2870007A00E17786 /* Resources */ = {
			isa = PBXResourcesBuildPhase;
			buildActionMask = 2147483647;
			files = (
				A0B11D482870007D00E17786 /* Preview Assets.xcassets in Resources */,
				A0B11DA728702DB900E17786 /* Quicksand-Regular.ttf in Resources */,
				A0B11DA428702DB000E17786 /* Quicksand-Bold.ttf in Resources */,
				A0B11D452870007D00E17786 /* Assets.xcassets in Resources */,
				A0B11DA528702DB300E17786 /* Quicksand-Light.ttf in Resources */,
				A0B11DA828702DBC00E17786 /* Quicksand-SemiBold.ttf in Resources */,
				A0B11DA628702DB600E17786 /* Quicksand-Medium.ttf in Resources */,
			);
			runOnlyForDeploymentPostprocessing = 0;
		};
/* End PBXResourcesBuildPhase section */

/* Begin PBXShellScriptBuildPhase section */
		B3A6D9B005F239A0D7608B4D /* [CP] Check Pods Manifest.lock */ = {
			isa = PBXShellScriptBuildPhase;
			buildActionMask = 2147483647;
			files = (
			);
			inputFileListPaths = (
			);
			inputPaths = (
				"${PODS_PODFILE_DIR_PATH}/Podfile.lock",
				"${PODS_ROOT}/Manifest.lock",
			);
			name = "[CP] Check Pods Manifest.lock";
			outputFileListPaths = (
			);
			outputPaths = (
				"$(DERIVED_FILE_DIR)/Pods-App-checkManifestLockResult.txt",
			);
			runOnlyForDeploymentPostprocessing = 0;
			shellPath = /bin/sh;
			shellScript = "diff \"${PODS_PODFILE_DIR_PATH}/Podfile.lock\" \"${PODS_ROOT}/Manifest.lock\" > /dev/null\nif [ $? != 0 ] ; then\n    # print error to STDERR\n    echo \"error: The sandbox is not in sync with the Podfile.lock. Run 'pod install' or update your CocoaPods installation.\" >&2\n    exit 1\nfi\n# This output is used by Xcode 'outputs' to avoid re-running this script phase.\necho \"SUCCESS\" > \"${SCRIPT_OUTPUT_FILE_0}\"\n";
			showEnvVarsInLog = 0;
		};
/* End PBXShellScriptBuildPhase section */

/* Begin PBXSourcesBuildPhase section */
		A0B11D392870007A00E17786 /* Sources */ = {
			isa = PBXSourcesBuildPhase;
			buildActionMask = 2147483647;
			files = (
				A0B11D432870007A00E17786 /* ContentView.swift in Sources */,
				A0B11D412870007A00E17786 /* AppApp.swift in Sources */,
			);
			runOnlyForDeploymentPostprocessing = 0;
		};
/* End PBXSourcesBuildPhase section */

/* Begin XCBuildConfiguration section */
		A0B11D492870007D00E17786 /* Debug */ = {
			isa = XCBuildConfiguration;
			buildSettings = {
				ALWAYS_SEARCH_USER_PATHS = NO;
				CLANG_ANALYZER_NONNULL = YES;
				CLANG_ANALYZER_NUMBER_OBJECT_CONVERSION = YES_AGGRESSIVE;
				CLANG_CXX_LANGUAGE_STANDARD = "gnu++17";
				CLANG_ENABLE_MODULES = YES;
				CLANG_ENABLE_OBJC_ARC = YES;
				CLANG_ENABLE_OBJC_WEAK = YES;
				CLANG_WARN_BLOCK_CAPTURE_AUTORELEASING = YES;
				CLANG_WARN_BOOL_CONVERSION = YES;
				CLANG_WARN_COMMA = YES;
				CLANG_WARN_CONSTANT_CONVERSION = YES;
				CLANG_WARN_DEPRECATED_OBJC_IMPLEMENTATIONS = YES;
				CLANG_WARN_DIRECT_OBJC_ISA_USAGE = YES_ERROR;
				CLANG_WARN_DOCUMENTATION_COMMENTS = YES;
				CLANG_WARN_EMPTY_BODY = YES;
				CLANG_WARN_ENUM_CONVERSION = YES;
				CLANG_WARN_INFINITE_RECURSION = YES;
				CLANG_WARN_INT_CONVERSION = YES;
				CLANG_WARN_NON_LITERAL_NULL_CONVERSION = YES;
				CLANG_WARN_OBJC_IMPLICIT_RETAIN_SELF = YES;
				CLANG_WARN_OBJC_LITERAL_CONVERSION = YES;
				CLANG_WARN_OBJC_ROOT_CLASS = YES_ERROR;
				CLANG_WARN_QUOTED_INCLUDE_IN_FRAMEWORK_HEADER = YES;
				CLANG_WARN_RANGE_LOOP_ANALYSIS = YES;
				CLANG_WARN_STRICT_PROTOTYPES = YES;
				CLANG_WARN_SUSPICIOUS_MOVE = YES;
				CLANG_WARN_UNGUARDED_AVAILABILITY = YES_AGGRESSIVE;
				CLANG_WARN_UNREACHABLE_CODE = YES;
				CLANG_WARN__DUPLICATE_METHOD_MATCH = YES;
				COPY_PHASE_STRIP = NO;
				DEBUG_INFORMATION_FORMAT = dwarf;
				ENABLE_STRICT_OBJC_MSGSEND = YES;
				ENABLE_TESTABILITY = YES;
				GCC_C_LANGUAGE_STANDARD = gnu11;
				GCC_DYNAMIC_NO_PIC = NO;
				GCC_NO_COMMON_BLOCKS = YES;
				GCC_OPTIMIZATION_LEVEL = 0;
				GCC_PREPROCESSOR_DEFINITIONS = (
					"DEBUG=1",
					"$(inherited)",
				);
				GCC_WARN_64_TO_32_BIT_CONVERSION = YES;
				GCC_WARN_ABOUT_RETURN_TYPE = YES_ERROR;
				GCC_WARN_UNDECLARED_SELECTOR = YES;
				GCC_WARN_UNINITIALIZED_AUTOS = YES_AGGRESSIVE;
				GCC_WARN_UNUSED_FUNCTION = YES;
				GCC_WARN_UNUSED_VARIABLE = YES;
				IPHONEOS_DEPLOYMENT_TARGET = 15.5;
				MTL_ENABLE_DEBUG_INFO = INCLUDE_SOURCE;
				MTL_FAST_MATH = YES;
				ONLY_ACTIVE_ARCH = YES;
				SDKROOT = iphoneos;
				SWIFT_ACTIVE_COMPILATION_CONDITIONS = DEBUG;
				SWIFT_OPTIMIZATION_LEVEL = "-Onone";
			};
			name = Debug;
		};
		A0B11D4A2870007D00E17786 /* Release */ = {
			isa = XCBuildConfiguration;
			buildSettings = {
				ALWAYS_SEARCH_USER_PATHS = NO;
				CLANG_ANALYZER_NONNULL = YES;
				CLANG_ANALYZER_NUMBER_OBJECT_CONVERSION = YES_AGGRESSIVE;
				CLANG_CXX_LANGUAGE_STANDARD = "gnu++17";
				CLANG_ENABLE_MODULES = YES;
				CLANG_ENABLE_OBJC_ARC = YES;
				CLANG_ENABLE_OBJC_WEAK = YES;
				CLANG_WARN_BLOCK_CAPTURE_AUTORELEASING = YES;
				CLANG_WARN_BOOL_CONVERSION = YES;
				CLANG_WARN_COMMA = YES;
				CLANG_WARN_CONSTANT_CONVERSION = YES;
				CLANG_WARN_DEPRECATED_OBJC_IMPLEMENTATIONS = YES;
				CLANG_WARN_DIRECT_OBJC_ISA_USAGE = YES_ERROR;
				CLANG_WARN_DOCUMENTATION_COMMENTS = YES;
				CLANG_WARN_EMPTY_BODY = YES;
				CLANG_WARN_ENUM_CONVERSION = YES;
				CLANG_WARN_INFINITE_RECURSION = YES;
				CLANG_WARN_INT_CONVERSION = YES;
				CLANG_WARN_NON_LITERAL_NULL_CONVERSION = YES;
				CLANG_WARN_OBJC_IMPLICIT_RETAIN_SELF = YES;
				CLANG_WARN_OBJC_LITERAL_CONVERSION = YES;
				CLANG_WARN_OBJC_ROOT_CLASS = YES_ERROR;
				CLANG_WARN_QUOTED_INCLUDE_IN_FRAMEWORK_HEADER = YES;
				CLANG_WARN_RANGE_LOOP_ANALYSIS = YES;
				CLANG_WARN_STRICT_PROTOTYPES = YES;
				CLANG_WARN_SUSPICIOUS_MOVE = YES;
				CLANG_WARN_UNGUARDED_AVAILABILITY = YES_AGGRESSIVE;
				CLANG_WARN_UNREACHABLE_CODE = YES;
				CLANG_WARN__DUPLICATE_METHOD_MATCH = YES;
				COPY_PHASE_STRIP = NO;
				DEBUG_INFORMATION_FORMAT = "dwarf-with-dsym";
				ENABLE_NS_ASSERTIONS = NO;
				ENABLE_STRICT_OBJC_MSGSEND = YES;
				GCC_C_LANGUAGE_STANDARD = gnu11;
				GCC_NO_COMMON_BLOCKS = YES;
				GCC_WARN_64_TO_32_BIT_CONVERSION = YES;
				GCC_WARN_ABOUT_RETURN_TYPE = YES_ERROR;
				GCC_WARN_UNDECLARED_SELECTOR = YES;
				GCC_WARN_UNINITIALIZED_AUTOS = YES_AGGRESSIVE;
				GCC_WARN_UNUSED_FUNCTION = YES;
				GCC_WARN_UNUSED_VARIABLE = YES;
				IPHONEOS_DEPLOYMENT_TARGET = 15.5;
				MTL_ENABLE_DEBUG_INFO = NO;
				MTL_FAST_MATH = YES;
				SDKROOT = iphoneos;
				SWIFT_COMPILATION_MODE = wholemodule;
				SWIFT_OPTIMIZATION_LEVEL = "-O";
				VALIDATE_PRODUCT = YES;
			};
			name = Release;
		};
		A0B11D4C2870007D00E17786 /* Debug */ = {
			isa = XCBuildConfiguration;
			baseConfigurationReference = BBA5DF9603C69C95E55CCB5F /* Pods-App.debug.xcconfig */;
			buildSettings = {
				ASSETCATALOG_COMPILER_APPICON_NAME = AppIcon;
				ASSETCATALOG_COMPILER_GLOBAL_ACCENT_COLOR_NAME = AccentColor;
				CODE_SIGN_STYLE = Automatic;
				CURRENT_PROJECT_VERSION = 1;
				DEVELOPMENT_ASSET_PATHS = "\"App/Preview Content\"";
				ENABLE_PREVIEWS = YES;
				GENERATE_INFOPLIST_FILE = YES;
				INFOPLIST_FILE = App/Info.plist;
				INFOPLIST_KEY_UIApplicationSceneManifest_Generation = YES;
				INFOPLIST_KEY_UIApplicationSupportsIndirectInputEvents = YES;
				INFOPLIST_KEY_UILaunchScreen_Generation = YES;
				INFOPLIST_KEY_UISupportedInterfaceOrientations_iPad = "UIInterfaceOrientationPortrait UIInterfaceOrientationPortraitUpsideDown UIInterfaceOrientationLandscapeLeft UIInterfaceOrientationLandscapeRight";
				INFOPLIST_KEY_UISupportedInterfaceOrientations_iPhone = "UIInterfaceOrientationPortrait UIInterfaceOrientationLandscapeLeft UIInterfaceOrientationLandscapeRight";
				LD_RUNPATH_SEARCH_PATHS = (
					"$(inherited)",
					"@executable_path/Frameworks",
				);
				MARKETING_VERSION = 1.0;
				PRODUCT_BUNDLE_IDENTIFIER = com.dicoding.acedemy.App;
				PRODUCT_NAME = "$(TARGET_NAME)";
				SWIFT_EMIT_LOC_STRINGS = YES;
				SWIFT_VERSION = 5.0;
				TARGETED_DEVICE_FAMILY = "1,2";
			};
			name = Debug;
		};
		A0B11D4D2870007D00E17786 /* Release */ = {
			isa = XCBuildConfiguration;
			baseConfigurationReference = 7D2176896604335EB3F0CFFF /* Pods-App.release.xcconfig */;
			buildSettings = {
				ASSETCATALOG_COMPILER_APPICON_NAME = AppIcon;
				ASSETCATALOG_COMPILER_GLOBAL_ACCENT_COLOR_NAME = AccentColor;
				CODE_SIGN_STYLE = Automatic;
				CURRENT_PROJECT_VERSION = 1;
				DEVELOPMENT_ASSET_PATHS = "\"App/Preview Content\"";
				ENABLE_PREVIEWS = YES;
				GENERATE_INFOPLIST_FILE = YES;
				INFOPLIST_FILE = App/Info.plist;
				INFOPLIST_KEY_UIApplicationSceneManifest_Generation = YES;
				INFOPLIST_KEY_UIApplicationSupportsIndirectInputEvents = YES;
				INFOPLIST_KEY_UILaunchScreen_Generation = YES;
				INFOPLIST_KEY_UISupportedInterfaceOrientations_iPad = "UIInterfaceOrientationPortrait UIInterfaceOrientationPortraitUpsideDown UIInterfaceOrientationLandscapeLeft UIInterfaceOrientationLandscapeRight";
				INFOPLIST_KEY_UISupportedInterfaceOrientations_iPhone = "UIInterfaceOrientationPortrait UIInterfaceOrientationLandscapeLeft UIInterfaceOrientationLandscapeRight";
				LD_RUNPATH_SEARCH_PATHS = (
					"$(inherited)",
					"@executable_path/Frameworks",
				);
				MARKETING_VERSION = 1.0;
				PRODUCT_BUNDLE_IDENTIFIER = com.dicoding.acedemy.App;
				PRODUCT_NAME = "$(TARGET_NAME)";
				SWIFT_EMIT_LOC_STRINGS = YES;
				SWIFT_VERSION = 5.0;
				TARGETED_DEVICE_FAMILY = "1,2";
			};
			name = Release;
		};
/* End XCBuildConfiguration section */

/* Begin XCConfigurationList section */
		A0B11D382870007A00E17786 /* Build configuration list for PBXProject "App" */ = {
			isa = XCConfigurationList;
			buildConfigurations = (
				A0B11D492870007D00E17786 /* Debug */,
				A0B11D4A2870007D00E17786 /* Release */,
			);
			defaultConfigurationIsVisible = 0;
			defaultConfigurationName = Release;
		};
		A0B11D4B2870007D00E17786 /* Build configuration list for PBXNativeTarget "App" */ = {
			isa = XCConfigurationList;
			buildConfigurations = (
				A0B11D4C2870007D00E17786 /* Debug */,
				A0B11D4D2870007D00E17786 /* Release */,
			);
			defaultConfigurationIsVisible = 0;
			defaultConfigurationName = Release;
		};
/* End XCConfigurationList section */
	};
	rootObject = A0B11D352870007A00E17786 /* Project object */;
}
